
Microsoft Visual Studio Solution File, Format Version 12.00
# Visual Studio 15
VisualStudioVersion = 15.0.26730.3
MinimumVisualStudioVersion = 10.0.40219.1
Project("{FAE04EC0-301F-11D3-BF4B-00C04F79EFBC}") = "Producer", "Producer\Producer.csproj", "{374166D6-B67A-4D4F-85EB-D2384BA2073E}"
EndProject
Project("{FAE04EC0-301F-11D3-BF4B-00C04F79EFBC}") = "Consumer", "Consumer\Consumer.csproj", "{0686DEC1-E54F-47C8-8548-C4655301D46F}"
EndProject
Global
	GlobalSection(SolutionConfigurationPlatforms) = preSolution
		Debug|Any CPU = Debug|Any CPU
		Release|Any CPU = Release|Any CPU
	EndGlobalSection
	GlobalSection(ProjectConfigurationPlatforms) = postSolution
		{374166D6-B67A-4D4F-85EB-D2384BA2073E}.Debug|Any CPU.ActiveCfg = Debug|Any CPU
		{374166D6-B67A-4D4F-85EB-D2384BA2073E}.Debug|Any CPU.Build.0 = Debug|Any CPU
		{374166D6-B67A-4D4F-85EB-D2384BA2073E}.Release|Any CPU.ActiveCfg = Release|Any CPU
		{374166D6-B67A-4D4F-85EB-D2384BA2073E}.Release|Any CPU.Build.0 = Release|Any CPU
		{0686DEC1-E54F-47C8-8548-C4655301D46F}.Debug|Any CPU.ActiveCfg = Debug|Any CPU
		{0686DEC1-E54F-47C8-8548-C4655301D46F}.Debug|Any CPU.Build.0 = Debug|Any CPU
		{0686DEC1-E54F-47C8-8548-C4655301D46F}.Release|Any CPU.ActiveCfg = Release|Any CPU
		{0686DEC1-E54F-47C8-8548-C4655301D46F}.Release|Any CPU.Build.0 = Release|Any CPU
	EndGlobalSection
	GlobalSection(SolutionProperties) = preSolution
		HideSolutionNode = FALSE
	EndGlobalSection
	GlobalSection(ExtensibilityGlobals) = postSolution
		SolutionGuid = {9E109AF4-B4D6-43FD-991D-1A224418B60D}
	EndGlobalSection
EndGlobal
